
Microsoft Visual Studio Solution File, Format Version 12.00
# Visual Studio Version 16
VisualStudioVersion = 16.0.29709.97
MinimumVisualStudioVersion = 10.0.40219.1
Project("{FAE04EC0-301F-11D3-BF4B-00C04F79EFBC}") = "VisualAcademy.Admin", "VisualAcademy.Admin\VisualAcademy.Admin.csproj", "{1BFAB935-8B8F-4A3B-85DF-6D1932F57AFB}"
EndProject
Global
	GlobalSection(SolutionConfigurationPlatforms) = preSolution
		Debug|Any CPU = Debug|Any CPU
		Release|Any CPU = Release|Any CPU
	EndGlobalSection
	GlobalSection(ProjectConfigurationPlatforms) = postSolution
		{1BFAB935-8B8F-4A3B-85DF-6D1932F57AFB}.Debug|Any CPU.ActiveCfg = Debug|Any CPU
		{1BFAB935-8B8F-4A3B-85DF-6D1932F57AFB}.Debug|Any CPU.Build.0 = Debug|Any CPU
		{1BFAB935-8B8F-4A3B-85DF-6D1932F57AFB}.Release|Any CPU.ActiveCfg = Release|Any CPU
		{1BFAB935-8B8F-4A3B-85DF-6D1932F57AFB}.Release|Any CPU.Build.0 = Release|Any CPU
	EndGlobalSection
	GlobalSection(SolutionProperties) = preSolution
		HideSolutionNode = FALSE
	EndGlobalSection
	GlobalSection(ExtensibilityGlobals) = postSolution
		SolutionGuid = {A99823D7-2161-4C2E-B135-D8E4E45178F2}
	EndGlobalSection
EndGlobal
